<?xml version="1.0" encoding="utf-8"?>
<Project ToolsVersion="4.0" xmlns="http://schemas.microsoft.com/developer/msbuild/2003">
  <ItemGroup>
    <Filter Include="io">
      <UniqueIdentifier>{67DA6AB6-F800-4c08-8B7A-83BB121AAD01}</UniqueIdentifier>
      <Extensions>rc;ico;cur;bmp;dlg;rc2;rct;bin;rgs;gif;jpg;jpeg;jpe;resx;tiff;tif;png;wav;mfcribbon-ms</Extensions>
    </Filter>
    <Filter Include="core">
      <UniqueIdentifier>{5ec68b2c-46c4-43e0-aacd-b303bc00086d}</UniqueIdentifier>
    </Filter>
    <Filter Include="integrators">
      <UniqueIdentifier>{1759e932-e7b3-4eb9-9717-567069255357}</UniqueIdentifier>
    </Filter>
  </ItemGroup>
  <ItemGroup>
    <ClInclude Include="core\scene.h">
      <Filter>core</Filter>
    </ClInclude>
    <ClInclude Include="core\geometry.h">
      <Filter>core</Filter>
    </ClInclude>
    <ClInclude Include="core\platform.h">
      <Filter>core</Filter>
    </ClInclude>
    <ClInclude Include="core\stencil.h">
      <Filter>core</Filter>
    </ClInclude>
    <ClInclude Include="core\valley.h">
      <Filter>core</Filter>
    </ClInclude>
    <ClInclude Include="core\stringprint.h">
      <Filter>core</Filter>
    </ClInclude>
  </ItemGroup>
  <ItemGroup>
    <ClCompile Include="core\scene.cpp">
      <Filter>core</Filter>
    </ClCompile>
    <ClCompile Include="core\geometry.cpp">
      <Filter>core</Filter>
    </ClCompile>
  </ItemGroup>
</Project>