<?xml version="1.0" encoding="utf-8"?>
<Project ToolsVersion="4.0" xmlns="http://schemas.microsoft.com/developer/msbuild/2003">
  <ItemGroup>
    <Filter Include="integrator">
      <UniqueIdentifier>{1759e932-e7b3-4eb9-9717-567069255357}</UniqueIdentifier>
    </Filter>
    <Filter Include="core">
      <UniqueIdentifier>{ace364ee-9bbe-4494-b58d-25ffecb79fce}</UniqueIdentifier>
    </Filter>
    <Filter Include="shape">
      <UniqueIdentifier>{ccec1b05-8b7f-4168-9e6a-9c08ece15a8c}</UniqueIdentifier>
    </Filter>
    <Filter Include="camera">
      <UniqueIdentifier>{78c6deb0-5f7c-49ea-bad0-26f1c2f0001c}</UniqueIdentifier>
    </Filter>
    <Filter Include="bsdf">
      <UniqueIdentifier>{e04a47fa-0c31-47b5-9894-b47034d4f633}</UniqueIdentifier>
    </Filter>
    <Filter Include="material">
      <UniqueIdentifier>{b636931a-f5a0-4d89-8d93-59b9a01954a0}</UniqueIdentifier>
    </Filter>
    <Filter Include="test">
      <UniqueIdentifier>{fc5140d4-3145-466b-9cb5-3a6c72d2cab2}</UniqueIdentifier>
    </Filter>
    <Filter Include="light">
      <UniqueIdentifier>{de9f1e36-ba5b-4ed0-8f46-77861023914a}</UniqueIdentifier>
    </Filter>
    <Filter Include="sampler">
      <UniqueIdentifier>{1e75a814-a178-4d59-af66-a18ef5d087df}</UniqueIdentifier>
    </Filter>
  </ItemGroup>
  <ItemGroup>
    <ClCompile Include="..\src\core\scene.cpp">
      <Filter>core</Filter>
    </ClCompile>
    <ClCompile Include="..\src\core\image.cpp">
      <Filter>core</Filter>
    </ClCompile>
    <ClCompile Include="..\src\core\film.cpp">
      <Filter>core</Filter>
    </ClCompile>
    <ClCompile Include="..\src\core\integrator.cpp">
      <Filter>core</Filter>
    </ClCompile>
    <ClCompile Include="..\src\core\transform.cpp">
      <Filter>core</Filter>
    </ClCompile>
    <ClCompile Include="..\src\core\bsdf.cpp">
      <Filter>core</Filter>
    </ClCompile>
    <ClCompile Include="..\src\core\intersection.cpp">
      <Filter>core</Filter>
    </ClCompile>
    <ClCompile Include="..\src\bsdf\lambertian.cpp">
      <Filter>bsdf</Filter>
    </ClCompile>
    <ClCompile Include="..\src\core\sampling.cpp">
      <Filter>core</Filter>
    </ClCompile>
    <ClCompile Include="..\src\core\stencil.cpp">
      <Filter>core</Filter>
    </ClCompile>
    <ClCompile Include="..\src\core\material.cpp">
      <Filter>core</Filter>
    </ClCompile>
    <ClCompile Include="..\src\material\matte.cpp">
      <Filter>material</Filter>
    </ClCompile>
    <ClCompile Include="..\src\core\shape.cpp">
      <Filter>core</Filter>
    </ClCompile>
    <ClCompile Include="..\src\core\light.cpp">
      <Filter>core</Filter>
    </ClCompile>
    <ClCompile Include="..\src\core\primitive.cpp">
      <Filter>core</Filter>
    </ClCompile>
    <ClCompile Include="..\src\light\point.cpp">
      <Filter>light</Filter>
    </ClCompile>
    <ClCompile Include="..\src\light\distance.cpp">
      <Filter>light</Filter>
    </ClCompile>
    <ClCompile Include="..\src\light\diffuse.cpp">
      <Filter>light</Filter>
    </ClCompile>
    <ClCompile Include="..\src\core\sampler.cpp">
      <Filter>core</Filter>
    </ClCompile>
    <ClCompile Include="..\src\core\filter.cpp">
      <Filter>core</Filter>
    </ClCompile>
    <ClCompile Include="..\src\shape\sphere.cpp">
      <Filter>shape</Filter>
    </ClCompile>
    <ClCompile Include="..\src\shape\Rectangle.cpp">
      <Filter>shape</Filter>
    </ClCompile>
    <ClCompile Include="..\src\core\api.cpp">
      <Filter>core</Filter>
    </ClCompile>
    <ClCompile Include="..\src\test\test_integrator.cpp">
      <Filter>test</Filter>
    </ClCompile>
    <ClCompile Include="..\src\material\glass.cpp">
      <Filter>material</Filter>
    </ClCompile>
    <ClCompile Include="..\src\material\mirror.cpp">
      <Filter>material</Filter>
    </ClCompile>
    <ClCompile Include="..\src\bsdf\fresnel.cpp">
      <Filter>bsdf</Filter>
    </ClCompile>
  </ItemGroup>
  <ItemGroup>
    <ClInclude Include="..\src\core\platform.h">
      <Filter>core</Filter>
    </ClInclude>
    <ClInclude Include="..\src\core\scene.h">
      <Filter>core</Filter>
    </ClInclude>
    <ClInclude Include="..\src\core\stencil.h">
      <Filter>core</Filter>
    </ClInclude>
    <ClInclude Include="..\src\core\valley.h">
      <Filter>core</Filter>
    </ClInclude>
    <ClInclude Include="..\src\core\image.h">
      <Filter>core</Filter>
    </ClInclude>
    <ClInclude Include="..\src\core\film.h">
      <Filter>core</Filter>
    </ClInclude>
    <ClInclude Include="..\src\core\integrator.h">
      <Filter>core</Filter>
    </ClInclude>
    <ClInclude Include="..\src\core\intersection.h">
      <Filter>core</Filter>
    </ClInclude>
    <ClInclude Include="..\src\core\color.h">
      <Filter>core</Filter>
    </ClInclude>
    <ClInclude Include="..\src\core\geometry.h">
      <Filter>core</Filter>
    </ClInclude>
    <ClInclude Include="..\src\core\transform.h">
      <Filter>core</Filter>
    </ClInclude>
    <ClInclude Include="..\src\core\pbrt.h">
      <Filter>core</Filter>
    </ClInclude>
    <ClInclude Include="..\src\shape\sphere.h">
      <Filter>shape</Filter>
    </ClInclude>
    <ClInclude Include="..\src\core\camera.h">
      <Filter>core</Filter>
    </ClInclude>
    <ClInclude Include="..\src\core\bsdf.h">
      <Filter>core</Filter>
    </ClInclude>
    <ClInclude Include="..\src\bsdf\lambertian.h">
      <Filter>bsdf</Filter>
    </ClInclude>
    <ClInclude Include="..\src\core\primitive.h">
      <Filter>core</Filter>
    </ClInclude>
    <ClInclude Include="..\src\core\texture.h">
      <Filter>core</Filter>
    </ClInclude>
    <ClInclude Include="..\src\core\material.h">
      <Filter>core</Filter>
    </ClInclude>
    <ClInclude Include="..\src\core\sampling.h">
      <Filter>core</Filter>
    </ClInclude>
    <ClInclude Include="..\src\core\rng.h">
      <Filter>core</Filter>
    </ClInclude>
    <ClInclude Include="..\src\material\matte.h">
      <Filter>material</Filter>
    </ClInclude>
    <ClInclude Include="..\src\core\shape.h">
      <Filter>core</Filter>
    </ClInclude>
    <ClInclude Include="..\src\core\light.h">
      <Filter>core</Filter>
    </ClInclude>
    <ClInclude Include="..\src\light\point.h">
      <Filter>light</Filter>
    </ClInclude>
    <ClInclude Include="..\src\light\distance.h">
      <Filter>light</Filter>
    </ClInclude>
    <ClInclude Include="..\src\light\diffuse.h">
      <Filter>light</Filter>
    </ClInclude>
    <ClInclude Include="..\src\core\sampler.h">
      <Filter>core</Filter>
    </ClInclude>
    <ClInclude Include="..\src\core\lightdistrib.h">
      <Filter>core</Filter>
    </ClInclude>
    <ClInclude Include="..\src\core\filter.h">
      <Filter>core</Filter>
    </ClInclude>
    <ClInclude Include="..\src\shape\Rectangle.h">
      <Filter>shape</Filter>
    </ClInclude>
    <ClInclude Include="..\src\core\api.h">
      <Filter>core</Filter>
    </ClInclude>
    <ClInclude Include="..\src\integrator\whitted.h">
      <Filter>integrator</Filter>
    </ClInclude>
    <ClInclude Include="..\src\integrator\bdpt.h">
      <Filter>integrator</Filter>
    </ClInclude>
    <ClInclude Include="..\src\integrator\eyelight.h">
      <Filter>integrator</Filter>
    </ClInclude>
    <ClInclude Include="..\src\integrator\path.h">
      <Filter>integrator</Filter>
    </ClInclude>
    <ClInclude Include="..\src\camera\thinlens.h">
      <Filter>camera</Filter>
    </ClInclude>
    <ClInclude Include="..\src\bsdf\specular.h">
      <Filter>bsdf</Filter>
    </ClInclude>
    <ClInclude Include="..\src\bsdf\fresnel.h">
      <Filter>bsdf</Filter>
    </ClInclude>
    <ClInclude Include="..\src\material\glass.h">
      <Filter>material</Filter>
    </ClInclude>
    <ClInclude Include="..\src\material\mirror.h">
      <Filter>material</Filter>
    </ClInclude>
    <ClInclude Include="..\src\sampler\uniform.h">
      <Filter>sampler</Filter>
    </ClInclude>
    <ClInclude Include="..\src\integrator\directlight.h">
      <Filter>integrator</Filter>
    </ClInclude>
  </ItemGroup>
</Project>